
Microsoft Visual Studio Solution File, Format Version 12.00
# Visual Studio 2013
Project("{FAE04EC0-301F-11D3-BF4B-00C04F79EFBC}") = "UnityVS.sourceBanTr_ung_Thua_nV_iet.CSharp", "UnityVS.sourceBanTr_ung_Thua_nV_iet.CSharp.csproj", "{D8B42B82-D7FA-9ED6-A0C4-5BD88FF884A3}"
EndProject
Project("{FAE04EC0-301F-11D3-BF4B-00C04F79EFBC}") = "UnityVS.sourceBanTr_ung_Thua_nV_iet.CSharp.Editor", "UnityVS.sourceBanTr_ung_Thua_nV_iet.CSharp.Editor.csproj", "{708001AA-13C2-D44C-DA58-7FEF3645D78E}"
EndProject
Global
	GlobalSection(SolutionConfigurationPlatforms) = preSolution
		Debug|Any CPU = Debug|Any CPU
		Release|Any CPU = Release|Any CPU
	EndGlobalSection
	GlobalSection(ProjectConfigurationPlatforms) = postSolution
		{D8B42B82-D7FA-9ED6-A0C4-5BD88FF884A3}.Debug|Any CPU.ActiveCfg = Debug|Any CPU
		{D8B42B82-D7FA-9ED6-A0C4-5BD88FF884A3}.Debug|Any CPU.Build.0 = Debug|Any CPU
		{D8B42B82-D7FA-9ED6-A0C4-5BD88FF884A3}.Release|Any CPU.ActiveCfg = Release|Any CPU
		{D8B42B82-D7FA-9ED6-A0C4-5BD88FF884A3}.Release|Any CPU.Build.0 = Release|Any CPU
		{708001AA-13C2-D44C-DA58-7FEF3645D78E}.Debug|Any CPU.ActiveCfg = Debug|Any CPU
		{708001AA-13C2-D44C-DA58-7FEF3645D78E}.Debug|Any CPU.Build.0 = Debug|Any CPU
		{708001AA-13C2-D44C-DA58-7FEF3645D78E}.Release|Any CPU.ActiveCfg = Release|Any CPU
		{708001AA-13C2-D44C-DA58-7FEF3645D78E}.Release|Any CPU.Build.0 = Release|Any CPU
	EndGlobalSection
	GlobalSection(SolutionProperties) = preSolution
		HideSolutionNode = FALSE
	EndGlobalSection
EndGlobal
